
Microsoft Visual Studio Solution File, Format Version 12.00
# Visual Studio Version 16
VisualStudioVersion = 16.0.32413.511
MinimumVisualStudioVersion = 10.0.40219.1
Project("{FAE04EC0-301F-11D3-BF4B-00C04F79EFBC}") = "TicTacToe_Console", "TicTacToe_Console\TicTacToe_Console.csproj", "{6254A070-92F4-4206-8924-B47638659DAC}"
EndProject
Global
	GlobalSection(SolutionConfigurationPlatforms) = preSolution
		Debug|Any CPU = Debug|Any CPU
		Release|Any CPU = Release|Any CPU
	EndGlobalSection
	GlobalSection(ProjectConfigurationPlatforms) = postSolution
		{6254A070-92F4-4206-8924-B47638659DAC}.Debug|Any CPU.ActiveCfg = Debug|Any CPU
		{6254A070-92F4-4206-8924-B47638659DAC}.Debug|Any CPU.Build.0 = Debug|Any CPU
		{6254A070-92F4-4206-8924-B47638659DAC}.Release|Any CPU.ActiveCfg = Release|Any CPU
		{6254A070-92F4-4206-8924-B47638659DAC}.Release|Any CPU.Build.0 = Release|Any CPU
	EndGlobalSection
	GlobalSection(SolutionProperties) = preSolution
		HideSolutionNode = FALSE
	EndGlobalSection
	GlobalSection(ExtensibilityGlobals) = postSolution
		SolutionGuid = {3B5BDA1F-59C2-491F-8923-3252B2970DB1}
	EndGlobalSection
EndGlobal
